
Microsoft Visual Studio Solution File, Format Version 12.00
# Visual Studio Version 16
VisualStudioVersion = 16.0.29926.136
MinimumVisualStudioVersion = 10.0.40219.1
Project("{2150E333-8FDC-42A3-9474-1A3956D46DE8}") = "1-src", "1-src", "{EC08B4FB-3F5E-4C3B-9FFC-1F788B320AE1}"
EndProject
Project("{2150E333-8FDC-42A3-9474-1A3956D46DE8}") = "2-test", "2-test", "{C7ED230E-FA1B-4670-B346-D4053FEF769F}"
EndProject
Project("{2150E333-8FDC-42A3-9474-1A3956D46DE8}") = "3-solution items", "3-solution items", "{FBF042EE-2FED-4E86-AC01-1729FB8C774C}"
	ProjectSection(SolutionItems) = preProject
		solution-items\CoveragePathConvereter.ps1 = solution-items\CoveragePathConvereter.ps1
		docker-compose-test.yml = docker-compose-test.yml
	EndProjectSection
EndProject
Project("{9A19103F-16F7-4668-BE54-9A1E7A4F7556}") = "UnitTests", "test\UnitTests\UnitTests.csproj", "{BFBFF377-33B2-4820-8745-FC073DB8155E}"
EndProject
Project("{9A19103F-16F7-4668-BE54-9A1E7A4F7556}") = "Device.Simulator.WorkerService", "src\Device.Simulator.WorkerService\Device.Simulator.WorkerService.csproj", "{10BDC98F-5FFD-4707-AB4F-5BFF6EE0B71E}"
EndProject
Project("{2150E333-8FDC-42A3-9474-1A3956D46DE8}") = "Azure Pieplines", "Azure Pieplines", "{8D184410-3A2A-4A6E-B2DE-324F3E501866}"
	ProjectSection(SolutionItems) = preProject
		build\ci.example-replace.yml = build\ci.example-replace.yml
		build\ci.example.yml = build\ci.example.yml
	EndProjectSection
EndProject
Project("{9A19103F-16F7-4668-BE54-9A1E7A4F7556}") = "Device.Simulator", "src\Device.Simulator\Device.Simulator.csproj", "{5FA64E23-1099-4372-9D7F-5DD534053063}"
EndProject
Global
	GlobalSection(SolutionConfigurationPlatforms) = preSolution
		Debug|Any CPU = Debug|Any CPU
		Release|Any CPU = Release|Any CPU
	EndGlobalSection
	GlobalSection(ProjectConfigurationPlatforms) = postSolution
		{BFBFF377-33B2-4820-8745-FC073DB8155E}.Debug|Any CPU.ActiveCfg = Debug|Any CPU
		{BFBFF377-33B2-4820-8745-FC073DB8155E}.Debug|Any CPU.Build.0 = Debug|Any CPU
		{BFBFF377-33B2-4820-8745-FC073DB8155E}.Release|Any CPU.ActiveCfg = Release|Any CPU
		{BFBFF377-33B2-4820-8745-FC073DB8155E}.Release|Any CPU.Build.0 = Release|Any CPU
		{10BDC98F-5FFD-4707-AB4F-5BFF6EE0B71E}.Debug|Any CPU.ActiveCfg = Debug|Any CPU
		{10BDC98F-5FFD-4707-AB4F-5BFF6EE0B71E}.Debug|Any CPU.Build.0 = Debug|Any CPU
		{10BDC98F-5FFD-4707-AB4F-5BFF6EE0B71E}.Release|Any CPU.ActiveCfg = Release|Any CPU
		{10BDC98F-5FFD-4707-AB4F-5BFF6EE0B71E}.Release|Any CPU.Build.0 = Release|Any CPU
		{5FA64E23-1099-4372-9D7F-5DD534053063}.Debug|Any CPU.ActiveCfg = Debug|Any CPU
		{5FA64E23-1099-4372-9D7F-5DD534053063}.Debug|Any CPU.Build.0 = Debug|Any CPU
		{5FA64E23-1099-4372-9D7F-5DD534053063}.Release|Any CPU.ActiveCfg = Release|Any CPU
		{5FA64E23-1099-4372-9D7F-5DD534053063}.Release|Any CPU.Build.0 = Release|Any CPU
	EndGlobalSection
	GlobalSection(SolutionProperties) = preSolution
		HideSolutionNode = FALSE
	EndGlobalSection
	GlobalSection(NestedProjects) = preSolution
		{BFBFF377-33B2-4820-8745-FC073DB8155E} = {C7ED230E-FA1B-4670-B346-D4053FEF769F}
		{10BDC98F-5FFD-4707-AB4F-5BFF6EE0B71E} = {EC08B4FB-3F5E-4C3B-9FFC-1F788B320AE1}
		{8D184410-3A2A-4A6E-B2DE-324F3E501866} = {FBF042EE-2FED-4E86-AC01-1729FB8C774C}
		{5FA64E23-1099-4372-9D7F-5DD534053063} = {EC08B4FB-3F5E-4C3B-9FFC-1F788B320AE1}
	EndGlobalSection
	GlobalSection(ExtensibilityGlobals) = postSolution
		SolutionGuid = {78884037-A95E-4F2C-A8FD-EE037BD73D13}
	EndGlobalSection
EndGlobal
